// !$*UTF8*$!
{
	archiveVersion = 1;
	classes = {
	};
	objectVersion = 50;
	objects = {

/* Begin PBXBuildFile section */
		CDAE26DB2852952F00CDFC27 /* GarmentOrderingSegmentControlTests.swift in Sources */ = {isa = PBXBuildFile; fileRef = CDAE26DA2852952F00CDFC27 /* GarmentOrderingSegmentControlTests.swift */; };
		CDAE26DD285295E700CDFC27 /* GarmentOrderingSegmentControl.swift in Sources */ = {isa = PBXBuildFile; fileRef = CDAE26DC285295E700CDFC27 /* GarmentOrderingSegmentControl.swift */; };
		CDAE26DF2852D9C900CDFC27 /* GarmentViewControllerTests.swift in Sources */ = {isa = PBXBuildFile; fileRef = CDAE26DE2852D9C900CDFC27 /* GarmentViewControllerTests.swift */; };
		CDAE26E12852F6F000CDFC27 /* AddGarment.storyboard in Resources */ = {isa = PBXBuildFile; fileRef = CDAE26E02852F6F000CDFC27 /* AddGarment.storyboard */; };
		CDAE26E3285312D500CDFC27 /* AddGarmentViewController.swift in Sources */ = {isa = PBXBuildFile; fileRef = CDAE26E2285312D500CDFC27 /* AddGarmentViewController.swift */; };
		CDAE26EC2853260B00CDFC27 /* AddGarmentLogicController.swift in Sources */ = {isa = PBXBuildFile; fileRef = CDAE26EB2853260B00CDFC27 /* AddGarmentLogicController.swift */; };
		CDDFE0202853A69300143583 /* Garment.swift in Sources */ = {isa = PBXBuildFile; fileRef = CDDFE01F2853A69300143583 /* Garment.swift */; };
		CDE9B3FB285109700043B727 /* AppDelegate.swift in Sources */ = {isa = PBXBuildFile; fileRef = CDE9B3FA285109700043B727 /* AppDelegate.swift */; };
		CDE9B3FD285109700043B727 /* SceneDelegate.swift in Sources */ = {isa = PBXBuildFile; fileRef = CDE9B3FC285109700043B727 /* SceneDelegate.swift */; };
		CDE9B3FF285109700043B727 /* GarmentViewController.swift in Sources */ = {isa = PBXBuildFile; fileRef = CDE9B3FE285109700043B727 /* GarmentViewController.swift */; };
		CDE9B402285109700043B727 /* Garment.storyboard in Resources */ = {isa = PBXBuildFile; fileRef = CDE9B400285109700043B727 /* Garment.storyboard */; };
		CDE9B404285109720043B727 /* Assets.xcassets in Resources */ = {isa = PBXBuildFile; fileRef = CDE9B403285109720043B727 /* Assets.xcassets */; };
		CDE9B407285109720043B727 /* LaunchScreen.storyboard in Resources */ = {isa = PBXBuildFile; fileRef = CDE9B405285109720043B727 /* LaunchScreen.storyboard */; };
		CDE9B41528510ADA0043B727 /* GarmentModelControllerTests.swift in Sources */ = {isa = PBXBuildFile; fileRef = CDE9B41428510ADA0043B727 /* GarmentModelControllerTests.swift */; };
		CDE9B420285112F00043B727 /* Constants.swift in Sources */ = {isa = PBXBuildFile; fileRef = CDE9B41F285112F00043B727 /* Constants.swift */; };
		CDE9B42328514EEE0043B727 /* GarmentModelController.swift in Sources */ = {isa = PBXBuildFile; fileRef = CDE9B42228514EEE0043B727 /* GarmentModelController.swift */; };
		CDE9B426285155450043B727 /* GarmentsListOrder.swift in Sources */ = {isa = PBXBuildFile; fileRef = CDE9B425285155450043B727 /* GarmentsListOrder.swift */; };
		CDE9B4292851C98D0043B727 /* GarmentViewControllerDataSourceTests.swift in Sources */ = {isa = PBXBuildFile; fileRef = CDE9B4282851C98D0043B727 /* GarmentViewControllerDataSourceTests.swift */; };
		CDE9B42D2851CC8E0043B727 /* GarmentViewControllerDataSource.swift in Sources */ = {isa = PBXBuildFile; fileRef = CDE9B42C2851CC8E0043B727 /* GarmentViewControllerDataSource.swift */; };
/* End PBXBuildFile section */

/* Begin PBXContainerItemProxy section */
		CDE9B41728510ADA0043B727 /* PBXContainerItemProxy */ = {
			isa = PBXContainerItemProxy;
			containerPortal = CDE9B3EF285109700043B727 /* Project object */;
			proxyType = 1;
			remoteGlobalIDString = CDE9B3F6285109700043B727;
			remoteInfo = "Lululemon Assessment";
		};
/* End PBXContainerItemProxy section */

/* Begin PBXFileReference section */
		CDAE26DA2852952F00CDFC27 /* GarmentOrderingSegmentControlTests.swift */ = {isa = PBXFileReference; lastKnownFileType = sourcecode.swift; path = GarmentOrderingSegmentControlTests.swift; sourceTree = "<group>"; };
		CDAE26DC285295E700CDFC27 /* GarmentOrderingSegmentControl.swift */ = {isa = PBXFileReference; lastKnownFileType = sourcecode.swift; path = GarmentOrderingSegmentControl.swift; sourceTree = "<group>"; };
		CDAE26DE2852D9C900CDFC27 /* GarmentViewControllerTests.swift */ = {isa = PBXFileReference; lastKnownFileType = sourcecode.swift; path = GarmentViewControllerTests.swift; sourceTree = "<group>"; };
		CDAE26E02852F6F000CDFC27 /* AddGarment.storyboard */ = {isa = PBXFileReference; lastKnownFileType = file.storyboard; path = AddGarment.storyboard; sourceTree = "<group>"; };
		CDAE26E2285312D500CDFC27 /* AddGarmentViewController.swift */ = {isa = PBXFileReference; lastKnownFileType = sourcecode.swift; path = AddGarmentViewController.swift; sourceTree = "<group>"; };
		CDAE26EB2853260B00CDFC27 /* AddGarmentLogicController.swift */ = {isa = PBXFileReference; lastKnownFileType = sourcecode.swift; path = AddGarmentLogicController.swift; sourceTree = "<group>"; };
		CDDFE01F2853A69300143583 /* Garment.swift */ = {isa = PBXFileReference; lastKnownFileType = sourcecode.swift; path = Garment.swift; sourceTree = "<group>"; };
		CDE9B3F7285109700043B727 /* Lululemon Assessment.app */ = {isa = PBXFileReference; explicitFileType = wrapper.application; includeInIndex = 0; path = "Lululemon Assessment.app"; sourceTree = BUILT_PRODUCTS_DIR; };
		CDE9B3FA285109700043B727 /* AppDelegate.swift */ = {isa = PBXFileReference; lastKnownFileType = sourcecode.swift; path = AppDelegate.swift; sourceTree = "<group>"; };
		CDE9B3FC285109700043B727 /* SceneDelegate.swift */ = {isa = PBXFileReference; lastKnownFileType = sourcecode.swift; path = SceneDelegate.swift; sourceTree = "<group>"; };
		CDE9B3FE285109700043B727 /* GarmentViewController.swift */ = {isa = PBXFileReference; lastKnownFileType = sourcecode.swift; path = GarmentViewController.swift; sourceTree = "<group>"; };
		CDE9B401285109700043B727 /* Base */ = {isa = PBXFileReference; lastKnownFileType = file.storyboard; name = Base; path = Base.lproj/Garment.storyboard; sourceTree = "<group>"; };
		CDE9B403285109720043B727 /* Assets.xcassets */ = {isa = PBXFileReference; lastKnownFileType = folder.assetcatalog; path = Assets.xcassets; sourceTree = "<group>"; };
		CDE9B406285109720043B727 /* Base */ = {isa = PBXFileReference; lastKnownFileType = file.storyboard; name = Base; path = Base.lproj/LaunchScreen.storyboard; sourceTree = "<group>"; };
		CDE9B408285109720043B727 /* Info.plist */ = {isa = PBXFileReference; lastKnownFileType = text.plist.xml; name = Info.plist; path = "Lululemon Assessment/Configuration/Info.plist"; sourceTree = SOURCE_ROOT; };
		CDE9B41228510ADA0043B727 /* Lululemon AssessmentTests.xctest */ = {isa = PBXFileReference; explicitFileType = wrapper.cfbundle; includeInIndex = 0; path = "Lululemon AssessmentTests.xctest"; sourceTree = BUILT_PRODUCTS_DIR; };
		CDE9B41428510ADA0043B727 /* GarmentModelControllerTests.swift */ = {isa = PBXFileReference; lastKnownFileType = sourcecode.swift; path = GarmentModelControllerTests.swift; sourceTree = "<group>"; };
		CDE9B41628510ADA0043B727 /* Info.plist */ = {isa = PBXFileReference; lastKnownFileType = text.plist.xml; path = Info.plist; sourceTree = "<group>"; };
		CDE9B41F285112F00043B727 /* Constants.swift */ = {isa = PBXFileReference; lastKnownFileType = sourcecode.swift; path = Constants.swift; sourceTree = "<group>"; };
		CDE9B42228514EEE0043B727 /* GarmentModelController.swift */ = {isa = PBXFileReference; lastKnownFileType = sourcecode.swift; path = GarmentModelController.swift; sourceTree = "<group>"; };
		CDE9B425285155450043B727 /* GarmentsListOrder.swift */ = {isa = PBXFileReference; lastKnownFileType = sourcecode.swift; path = GarmentsListOrder.swift; sourceTree = "<group>"; };
		CDE9B4282851C98D0043B727 /* GarmentViewControllerDataSourceTests.swift */ = {isa = PBXFileReference; lastKnownFileType = sourcecode.swift; path = GarmentViewControllerDataSourceTests.swift; sourceTree = "<group>"; };
		CDE9B42C2851CC8E0043B727 /* GarmentViewControllerDataSource.swift */ = {isa = PBXFileReference; lastKnownFileType = sourcecode.swift; path = GarmentViewControllerDataSource.swift; sourceTree = "<group>"; };
/* End PBXFileReference section */

/* Begin PBXFrameworksBuildPhase section */
		CDE9B3F4285109700043B727 /* Frameworks */ = {
			isa = PBXFrameworksBuildPhase;
			buildActionMask = 2147483647;
			files = (
			);
			runOnlyForDeploymentPostprocessing = 0;
		};
		CDE9B40F28510ADA0043B727 /* Frameworks */ = {
			isa = PBXFrameworksBuildPhase;
			buildActionMask = 2147483647;
			files = (
			);
			runOnlyForDeploymentPostprocessing = 0;
		};
/* End PBXFrameworksBuildPhase section */

/* Begin PBXGroup section */
		CDAE26E42853158700CDFC27 /* AddGarmentViewController */ = {
			isa = PBXGroup;
			children = (
				CDAE26E2285312D500CDFC27 /* AddGarmentViewController.swift */,
				CDAE26EB2853260B00CDFC27 /* AddGarmentLogicController.swift */,
			);
			path = AddGarmentViewController;
			sourceTree = "<group>";
		};
		CDDFE0212853AFE300143583 /* CoreData */ = {
			isa = PBXGroup;
			children = (
			);
			path = CoreData;
			sourceTree = "<group>";
		};
		CDE9B3EE285109700043B727 = {
			isa = PBXGroup;
			children = (
				CDE9B3F9285109700043B727 /* Lululemon Assessment */,
				CDE9B41328510ADA0043B727 /* Lululemon AssessmentTests */,
				CDE9B3F8285109700043B727 /* Products */,
			);
			sourceTree = "<group>";
		};
		CDE9B3F8285109700043B727 /* Products */ = {
			isa = PBXGroup;
			children = (
				CDE9B3F7285109700043B727 /* Lululemon Assessment.app */,
				CDE9B41228510ADA0043B727 /* Lululemon AssessmentTests.xctest */,
			);
			name = Products;
			sourceTree = "<group>";
		};
		CDE9B3F9285109700043B727 /* Lululemon Assessment */ = {
			isa = PBXGroup;
			children = (
				CDE9B41E285112AA0043B727 /* Configuration */,
				CDE9B421285112F40043B727 /* Model */,
				CDE9B41C285112930043B727 /* View */,
				CDE9B41D2851129D0043B727 /* Controller */,
			);
			path = "Lululemon Assessment";
			sourceTree = "<group>";
		};
		CDE9B41328510ADA0043B727 /* Lululemon AssessmentTests */ = {
			isa = PBXGroup;
			children = (
				CDE9B4272851C9620043B727 /* Unit Tests */,
				CDE9B42A2851C9920043B727 /* Integration Tests */,
				CDE9B41628510ADA0043B727 /* Info.plist */,
			);
			path = "Lululemon AssessmentTests";
			sourceTree = "<group>";
		};
		CDE9B41C285112930043B727 /* View */ = {
			isa = PBXGroup;
			children = (
				CDE9B400285109700043B727 /* Garment.storyboard */,
				CDAE26E02852F6F000CDFC27 /* AddGarment.storyboard */,
				CDE9B405285109720043B727 /* LaunchScreen.storyboard */,
			);
			path = View;
			sourceTree = "<group>";
		};
		CDE9B41D2851129D0043B727 /* Controller */ = {
			isa = PBXGroup;
			children = (
				CDE9B42B2851CC800043B727 /* GarmentViewController */,
				CDAE26E42853158700CDFC27 /* AddGarmentViewController */,
			);
			path = Controller;
			sourceTree = "<group>";
		};
		CDE9B41E285112AA0043B727 /* Configuration */ = {
			isa = PBXGroup;
			children = (
				CDE9B408285109720043B727 /* Info.plist */,
				CDE9B403285109720043B727 /* Assets.xcassets */,
				CDE9B3FA285109700043B727 /* AppDelegate.swift */,
				CDE9B3FC285109700043B727 /* SceneDelegate.swift */,
			);
			path = Configuration;
			sourceTree = "<group>";
		};
		CDE9B421285112F40043B727 /* Model */ = {
			isa = PBXGroup;
			children = (
				CDE9B41F285112F00043B727 /* Constants.swift */,
				CDDFE0212853AFE300143583 /* CoreData */,
				CDE9B4242851539F0043B727 /* GarmentModel */,
			);
			path = Model;
			sourceTree = "<group>";
		};
		CDE9B4242851539F0043B727 /* GarmentModel */ = {
			isa = PBXGroup;
			children = (
				CDDFE01F2853A69300143583 /* Garment.swift */,
				CDE9B425285155450043B727 /* GarmentsListOrder.swift */,
				CDE9B42228514EEE0043B727 /* GarmentModelController.swift */,
			);
			path = GarmentModel;
			sourceTree = "<group>";
		};
		CDE9B4272851C9620043B727 /* Unit Tests */ = {
			isa = PBXGroup;
			children = (
				CDE9B41428510ADA0043B727 /* GarmentModelControllerTests.swift */,
				CDE9B4282851C98D0043B727 /* GarmentViewControllerDataSourceTests.swift */,
				CDAE26DA2852952F00CDFC27 /* GarmentOrderingSegmentControlTests.swift */,
			);
			path = "Unit Tests";
			sourceTree = "<group>";
		};
		CDE9B42A2851C9920043B727 /* Integration Tests */ = {
			isa = PBXGroup;
			children = (
				CDAE26DE2852D9C900CDFC27 /* GarmentViewControllerTests.swift */,
			);
			path = "Integration Tests";
			sourceTree = "<group>";
		};
		CDE9B42B2851CC800043B727 /* GarmentViewController */ = {
			isa = PBXGroup;
			children = (
				CDE9B3FE285109700043B727 /* GarmentViewController.swift */,
				CDE9B42C2851CC8E0043B727 /* GarmentViewControllerDataSource.swift */,
				CDAE26DC285295E700CDFC27 /* GarmentOrderingSegmentControl.swift */,
			);
			path = GarmentViewController;
			sourceTree = "<group>";
		};
/* End PBXGroup section */

/* Begin PBXNativeTarget section */
		CDE9B3F6285109700043B727 /* Lululemon Assessment */ = {
			isa = PBXNativeTarget;
			buildConfigurationList = CDE9B40B285109720043B727 /* Build configuration list for PBXNativeTarget "Lululemon Assessment" */;
			buildPhases = (
				CDE9B3F3285109700043B727 /* Sources */,
				CDE9B3F4285109700043B727 /* Frameworks */,
				CDE9B3F5285109700043B727 /* Resources */,
			);
			buildRules = (
			);
			dependencies = (
			);
			name = "Lululemon Assessment";
			productName = "Lululemon Assessment";
			productReference = CDE9B3F7285109700043B727 /* Lululemon Assessment.app */;
			productType = "com.apple.product-type.application";
		};
		CDE9B41128510ADA0043B727 /* Lululemon AssessmentTests */ = {
			isa = PBXNativeTarget;
			buildConfigurationList = CDE9B41B28510ADA0043B727 /* Build configuration list for PBXNativeTarget "Lululemon AssessmentTests" */;
			buildPhases = (
				CDE9B40E28510ADA0043B727 /* Sources */,
				CDE9B40F28510ADA0043B727 /* Frameworks */,
				CDE9B41028510ADA0043B727 /* Resources */,
			);
			buildRules = (
			);
			dependencies = (
				CDE9B41828510ADA0043B727 /* PBXTargetDependency */,
			);
			name = "Lululemon AssessmentTests";
			productName = "Lululemon AssessmentTests";
			productReference = CDE9B41228510ADA0043B727 /* Lululemon AssessmentTests.xctest */;
			productType = "com.apple.product-type.bundle.unit-test";
		};
/* End PBXNativeTarget section */

/* Begin PBXProject section */
		CDE9B3EF285109700043B727 /* Project object */ = {
			isa = PBXProject;
			attributes = {
				LastSwiftUpdateCheck = 1250;
				LastUpgradeCheck = 1250;
				TargetAttributes = {
					CDE9B3F6285109700043B727 = {
						CreatedOnToolsVersion = 12.5;
					};
					CDE9B41128510ADA0043B727 = {
						CreatedOnToolsVersion = 12.5;
						TestTargetID = CDE9B3F6285109700043B727;
					};
				};
			};
			buildConfigurationList = CDE9B3F2285109700043B727 /* Build configuration list for PBXProject "Lululemon Assessment" */;
			compatibilityVersion = "Xcode 9.3";
			developmentRegion = en;
			hasScannedForEncodings = 0;
			knownRegions = (
				en,
				Base,
			);
			mainGroup = CDE9B3EE285109700043B727;
			productRefGroup = CDE9B3F8285109700043B727 /* Products */;
			projectDirPath = "";
			projectRoot = "";
			targets = (
				CDE9B3F6285109700043B727 /* Lululemon Assessment */,
				CDE9B41128510ADA0043B727 /* Lululemon AssessmentTests */,
			);
		};
/* End PBXProject section */

/* Begin PBXResourcesBuildPhase section */
		CDE9B3F5285109700043B727 /* Resources */ = {
			isa = PBXResourcesBuildPhase;
			buildActionMask = 2147483647;
			files = (
				CDE9B407285109720043B727 /* LaunchScreen.storyboard in Resources */,
				CDE9B404285109720043B727 /* Assets.xcassets in Resources */,
				CDE9B402285109700043B727 /* Garment.storyboard in Resources */,
				CDAE26E12852F6F000CDFC27 /* AddGarment.storyboard in Resources */,
			);
			runOnlyForDeploymentPostprocessing = 0;
		};
		CDE9B41028510ADA0043B727 /* Resources */ = {
			isa = PBXResourcesBuildPhase;
			buildActionMask = 2147483647;
			files = (
			);
			runOnlyForDeploymentPostprocessing = 0;
		};
/* End PBXResourcesBuildPhase section */

/* Begin PBXSourcesBuildPhase section */
		CDE9B3F3285109700043B727 /* Sources */ = {
			isa = PBXSourcesBuildPhase;
			buildActionMask = 2147483647;
			files = (
				CDE9B3FF285109700043B727 /* GarmentViewController.swift in Sources */,
				CDE9B42328514EEE0043B727 /* GarmentModelController.swift in Sources */,
				CDAE26E3285312D500CDFC27 /* AddGarmentViewController.swift in Sources */,
				CDAE26DD285295E700CDFC27 /* GarmentOrderingSegmentControl.swift in Sources */,
				CDE9B3FB285109700043B727 /* AppDelegate.swift in Sources */,
				CDDFE0202853A69300143583 /* Garment.swift in Sources */,
				CDAE26EC2853260B00CDFC27 /* AddGarmentLogicController.swift in Sources */,
				CDE9B426285155450043B727 /* GarmentsListOrder.swift in Sources */,
				CDE9B42D2851CC8E0043B727 /* GarmentViewControllerDataSource.swift in Sources */,
				CDE9B3FD285109700043B727 /* SceneDelegate.swift in Sources */,
				CDE9B420285112F00043B727 /* Constants.swift in Sources */,
			);
			runOnlyForDeploymentPostprocessing = 0;
		};
		CDE9B40E28510ADA0043B727 /* Sources */ = {
			isa = PBXSourcesBuildPhase;
			buildActionMask = 2147483647;
			files = (
				CDAE26DB2852952F00CDFC27 /* GarmentOrderingSegmentControlTests.swift in Sources */,
				CDE9B4292851C98D0043B727 /* GarmentViewControllerDataSourceTests.swift in Sources */,
				CDAE26DF2852D9C900CDFC27 /* GarmentViewControllerTests.swift in Sources */,
				CDE9B41528510ADA0043B727 /* GarmentModelControllerTests.swift in Sources */,
			);
			runOnlyForDeploymentPostprocessing = 0;
		};
/* End PBXSourcesBuildPhase section */

/* Begin PBXTargetDependency section */
		CDE9B41828510ADA0043B727 /* PBXTargetDependency */ = {
			isa = PBXTargetDependency;
			target = CDE9B3F6285109700043B727 /* Lululemon Assessment */;
			targetProxy = CDE9B41728510ADA0043B727 /* PBXContainerItemProxy */;
		};
/* End PBXTargetDependency section */

/* Begin PBXVariantGroup section */
		CDE9B400285109700043B727 /* Garment.storyboard */ = {
			isa = PBXVariantGroup;
			children = (
				CDE9B401285109700043B727 /* Base */,
			);
			name = Garment.storyboard;
			sourceTree = "<group>";
		};
		CDE9B405285109720043B727 /* LaunchScreen.storyboard */ = {
			isa = PBXVariantGroup;
			children = (
				CDE9B406285109720043B727 /* Base */,
			);
			name = LaunchScreen.storyboard;
			sourceTree = "<group>";
		};
/* End PBXVariantGroup section */

/* Begin XCBuildConfiguration section */
		CDE9B409285109720043B727 /* Debug */ = {
			isa = XCBuildConfiguration;
			buildSettings = {
				ALWAYS_SEARCH_USER_PATHS = NO;
				CLANG_ANALYZER_NONNULL = YES;
				CLANG_ANALYZER_NUMBER_OBJECT_CONVERSION = YES_AGGRESSIVE;
				CLANG_CXX_LANGUAGE_STANDARD = "gnu++14";
				CLANG_CXX_LIBRARY = "libc++";
				CLANG_ENABLE_MODULES = YES;
				CLANG_ENABLE_OBJC_ARC = YES;
				CLANG_ENABLE_OBJC_WEAK = YES;
				CLANG_WARN_BLOCK_CAPTURE_AUTORELEASING = YES;
				CLANG_WARN_BOOL_CONVERSION = YES;
				CLANG_WARN_COMMA = YES;
				CLANG_WARN_CONSTANT_CONVERSION = YES;
				CLANG_WARN_DEPRECATED_OBJC_IMPLEMENTATIONS = YES;
				CLANG_WARN_DIRECT_OBJC_ISA_USAGE = YES_ERROR;
				CLANG_WARN_DOCUMENTATION_COMMENTS = YES;
				CLANG_WARN_EMPTY_BODY = YES;
				CLANG_WARN_ENUM_CONVERSION = YES;
				CLANG_WARN_INFINITE_RECURSION = YES;
				CLANG_WARN_INT_CONVERSION = YES;
				CLANG_WARN_NON_LITERAL_NULL_CONVERSION = YES;
				CLANG_WARN_OBJC_IMPLICIT_RETAIN_SELF = YES;
				CLANG_WARN_OBJC_LITERAL_CONVERSION = YES;
				CLANG_WARN_OBJC_ROOT_CLASS = YES_ERROR;
				CLANG_WARN_QUOTED_INCLUDE_IN_FRAMEWORK_HEADER = YES;
				CLANG_WARN_RANGE_LOOP_ANALYSIS = YES;
				CLANG_WARN_STRICT_PROTOTYPES = YES;
				CLANG_WARN_SUSPICIOUS_MOVE = YES;
				CLANG_WARN_UNGUARDED_AVAILABILITY = YES_AGGRESSIVE;
				CLANG_WARN_UNREACHABLE_CODE = YES;
				CLANG_WARN__DUPLICATE_METHOD_MATCH = YES;
				COPY_PHASE_STRIP = NO;
				DEBUG_INFORMATION_FORMAT = dwarf;
				ENABLE_STRICT_OBJC_MSGSEND = YES;
				ENABLE_TESTABILITY = YES;
				GCC_C_LANGUAGE_STANDARD = gnu11;
				GCC_DYNAMIC_NO_PIC = NO;
				GCC_NO_COMMON_BLOCKS = YES;
				GCC_OPTIMIZATION_LEVEL = 0;
				GCC_PREPROCESSOR_DEFINITIONS = (
					"DEBUG=1",
					"$(inherited)",
				);
				GCC_WARN_64_TO_32_BIT_CONVERSION = YES;
				GCC_WARN_ABOUT_RETURN_TYPE = YES_ERROR;
				GCC_WARN_UNDECLARED_SELECTOR = YES;
				GCC_WARN_UNINITIALIZED_AUTOS = YES_AGGRESSIVE;
				GCC_WARN_UNUSED_FUNCTION = YES;
				GCC_WARN_UNUSED_VARIABLE = YES;
				IPHONEOS_DEPLOYMENT_TARGET = 14.5;
				MTL_ENABLE_DEBUG_INFO = INCLUDE_SOURCE;
				MTL_FAST_MATH = YES;
				ONLY_ACTIVE_ARCH = YES;
				SDKROOT = iphoneos;
				SWIFT_ACTIVE_COMPILATION_CONDITIONS = DEBUG;
				SWIFT_OPTIMIZATION_LEVEL = "-Onone";
			};
			name = Debug;
		};
		CDE9B40A285109720043B727 /* Release */ = {
			isa = XCBuildConfiguration;
			buildSettings = {
				ALWAYS_SEARCH_USER_PATHS = NO;
				CLANG_ANALYZER_NONNULL = YES;
				CLANG_ANALYZER_NUMBER_OBJECT_CONVERSION = YES_AGGRESSIVE;
				CLANG_CXX_LANGUAGE_STANDARD = "gnu++14";
				CLANG_CXX_LIBRARY = "libc++";
				CLANG_ENABLE_MODULES = YES;
				CLANG_ENABLE_OBJC_ARC = YES;
				CLANG_ENABLE_OBJC_WEAK = YES;
				CLANG_WARN_BLOCK_CAPTURE_AUTORELEASING = YES;
				CLANG_WARN_BOOL_CONVERSION = YES;
				CLANG_WARN_COMMA = YES;
				CLANG_WARN_CONSTANT_CONVERSION = YES;
				CLANG_WARN_DEPRECATED_OBJC_IMPLEMENTATIONS = YES;
				CLANG_WARN_DIRECT_OBJC_ISA_USAGE = YES_ERROR;
				CLANG_WARN_DOCUMENTATION_COMMENTS = YES;
				CLANG_WARN_EMPTY_BODY = YES;
				CLANG_WARN_ENUM_CONVERSION = YES;
				CLANG_WARN_INFINITE_RECURSION = YES;
				CLANG_WARN_INT_CONVERSION = YES;
				CLANG_WARN_NON_LITERAL_NULL_CONVERSION = YES;
				CLANG_WARN_OBJC_IMPLICIT_RETAIN_SELF = YES;
				CLANG_WARN_OBJC_LITERAL_CONVERSION = YES;
				CLANG_WARN_OBJC_ROOT_CLASS = YES_ERROR;
				CLANG_WARN_QUOTED_INCLUDE_IN_FRAMEWORK_HEADER = YES;
				CLANG_WARN_RANGE_LOOP_ANALYSIS = YES;
				CLANG_WARN_STRICT_PROTOTYPES = YES;
				CLANG_WARN_SUSPICIOUS_MOVE = YES;
				CLANG_WARN_UNGUARDED_AVAILABILITY = YES_AGGRESSIVE;
				CLANG_WARN_UNREACHABLE_CODE = YES;
				CLANG_WARN__DUPLICATE_METHOD_MATCH = YES;
				COPY_PHASE_STRIP = NO;
				DEBUG_INFORMATION_FORMAT = "dwarf-with-dsym";
				ENABLE_NS_ASSERTIONS = NO;
				ENABLE_STRICT_OBJC_MSGSEND = YES;
				GCC_C_LANGUAGE_STANDARD = gnu11;
				GCC_NO_COMMON_BLOCKS = YES;
				GCC_WARN_64_TO_32_BIT_CONVERSION = YES;
				GCC_WARN_ABOUT_RETURN_TYPE = YES_ERROR;
				GCC_WARN_UNDECLARED_SELECTOR = YES;
				GCC_WARN_UNINITIALIZED_AUTOS = YES_AGGRESSIVE;
				GCC_WARN_UNUSED_FUNCTION = YES;
				GCC_WARN_UNUSED_VARIABLE = YES;
				IPHONEOS_DEPLOYMENT_TARGET = 14.5;
				MTL_ENABLE_DEBUG_INFO = NO;
				MTL_FAST_MATH = YES;
				SDKROOT = iphoneos;
				SWIFT_COMPILATION_MODE = wholemodule;
				SWIFT_OPTIMIZATION_LEVEL = "-O";
				VALIDATE_PRODUCT = YES;
			};
			name = Release;
		};
		CDE9B40C285109720043B727 /* Debug */ = {
			isa = XCBuildConfiguration;
			buildSettings = {
				ASSETCATALOG_COMPILER_APPICON_NAME = AppIcon;
				ASSETCATALOG_COMPILER_GLOBAL_ACCENT_COLOR_NAME = AccentColor;
				CODE_SIGN_STYLE = Automatic;
				DEVELOPMENT_TEAM = 86J3SRZ52R;
				INFOPLIST_FILE = "Lululemon Assessment/Configuration/Info.plist";
				LD_RUNPATH_SEARCH_PATHS = (
					"$(inherited)",
					"@executable_path/Frameworks",
				);
				PRODUCT_BUNDLE_IDENTIFIER = "com.craftedthoughts.Lululemon-Assessment";
				PRODUCT_NAME = "$(TARGET_NAME)";
				SWIFT_VERSION = 5.0;
				TARGETED_DEVICE_FAMILY = "1,2";
			};
			name = Debug;
		};
		CDE9B40D285109720043B727 /* Release */ = {
			isa = XCBuildConfiguration;
			buildSettings = {
				ASSETCATALOG_COMPILER_APPICON_NAME = AppIcon;
				ASSETCATALOG_COMPILER_GLOBAL_ACCENT_COLOR_NAME = AccentColor;
				CODE_SIGN_STYLE = Automatic;
				DEVELOPMENT_TEAM = 86J3SRZ52R;
				INFOPLIST_FILE = "Lululemon Assessment/Configuration/Info.plist";
				LD_RUNPATH_SEARCH_PATHS = (
					"$(inherited)",
					"@executable_path/Frameworks",
				);
				PRODUCT_BUNDLE_IDENTIFIER = "com.craftedthoughts.Lululemon-Assessment";
				PRODUCT_NAME = "$(TARGET_NAME)";
				SWIFT_VERSION = 5.0;
				TARGETED_DEVICE_FAMILY = "1,2";
			};
			name = Release;
		};
		CDE9B41928510ADA0043B727 /* Debug */ = {
			isa = XCBuildConfiguration;
			buildSettings = {
				BUNDLE_LOADER = "$(TEST_HOST)";
				CODE_SIGN_STYLE = Automatic;
				DEVELOPMENT_TEAM = 86J3SRZ52R;
				INFOPLIST_FILE = "Lululemon AssessmentTests/Info.plist";
				LD_RUNPATH_SEARCH_PATHS = (
					"$(inherited)",
					"@executable_path/Frameworks",
					"@loader_path/Frameworks",
				);
				PRODUCT_BUNDLE_IDENTIFIER = "com.craftedthoughts.Lululemon-AssessmentTests";
				PRODUCT_NAME = "$(TARGET_NAME)";
				SWIFT_VERSION = 5.0;
				TARGETED_DEVICE_FAMILY = "1,2";
				TEST_HOST = "$(BUILT_PRODUCTS_DIR)/Lululemon Assessment.app/Lululemon Assessment";
			};
			name = Debug;
		};
		CDE9B41A28510ADA0043B727 /* Release */ = {
			isa = XCBuildConfiguration;
			buildSettings = {
				BUNDLE_LOADER = "$(TEST_HOST)";
				CODE_SIGN_STYLE = Automatic;
				DEVELOPMENT_TEAM = 86J3SRZ52R;
				INFOPLIST_FILE = "Lululemon AssessmentTests/Info.plist";
				LD_RUNPATH_SEARCH_PATHS = (
					"$(inherited)",
					"@executable_path/Frameworks",
					"@loader_path/Frameworks",
				);
				PRODUCT_BUNDLE_IDENTIFIER = "com.craftedthoughts.Lululemon-AssessmentTests";
				PRODUCT_NAME = "$(TARGET_NAME)";
				SWIFT_VERSION = 5.0;
				TARGETED_DEVICE_FAMILY = "1,2";
				TEST_HOST = "$(BUILT_PRODUCTS_DIR)/Lululemon Assessment.app/Lululemon Assessment";
			};
			name = Release;
		};
/* End XCBuildConfiguration section */

/* Begin XCConfigurationList section */
		CDE9B3F2285109700043B727 /* Build configuration list for PBXProject "Lululemon Assessment" */ = {
			isa = XCConfigurationList;
			buildConfigurations = (
				CDE9B409285109720043B727 /* Debug */,
				CDE9B40A285109720043B727 /* Release */,
			);
			defaultConfigurationIsVisible = 0;
			defaultConfigurationName = Release;
		};
		CDE9B40B285109720043B727 /* Build configuration list for PBXNativeTarget "Lululemon Assessment" */ = {
			isa = XCConfigurationList;
			buildConfigurations = (
				CDE9B40C285109720043B727 /* Debug */,
				CDE9B40D285109720043B727 /* Release */,
			);
			defaultConfigurationIsVisible = 0;
			defaultConfigurationName = Release;
		};
		CDE9B41B28510ADA0043B727 /* Build configuration list for PBXNativeTarget "Lululemon AssessmentTests" */ = {
			isa = XCConfigurationList;
			buildConfigurations = (
				CDE9B41928510ADA0043B727 /* Debug */,
				CDE9B41A28510ADA0043B727 /* Release */,
			);
			defaultConfigurationIsVisible = 0;
			defaultConfigurationName = Release;
		};
/* End XCConfigurationList section */
	};
	rootObject = CDE9B3EF285109700043B727 /* Project object */;
}
